
Microsoft Visual Studio Solution File, Format Version 12.00
# Visual Studio Version 17
VisualStudioVersion = 17.9.34723.18
MinimumVisualStudioVersion = 10.0.40219.1
Project("{FAE04EC0-301F-11D3-BF4B-00C04F79EFBC}") = "TechSprint", "TechSprint.csproj", "{07B254AA-AA90-4D49-BC21-4174DF56B442}"
EndProject
Global
	GlobalSection(SolutionConfigurationPlatforms) = preSolution
		Debug|Any CPU = Debug|Any CPU
		Release|Any CPU = Release|Any CPU
	EndGlobalSection
	GlobalSection(ProjectConfigurationPlatforms) = postSolution
		{07B254AA-AA90-4D49-BC21-4174DF56B442}.Debug|Any CPU.ActiveCfg = Debug|Any CPU
		{07B254AA-AA90-4D49-BC21-4174DF56B442}.Debug|Any CPU.Build.0 = Debug|Any CPU
		{07B254AA-AA90-4D49-BC21-4174DF56B442}.Debug|Any CPU.Deploy.0 = Debug|Any CPU
		{07B254AA-AA90-4D49-BC21-4174DF56B442}.Release|Any CPU.ActiveCfg = Release|Any CPU
		{07B254AA-AA90-4D49-BC21-4174DF56B442}.Release|Any CPU.Build.0 = Release|Any CPU
		{07B254AA-AA90-4D49-BC21-4174DF56B442}.Release|Any CPU.Deploy.0 = Release|Any CPU
	EndGlobalSection
	GlobalSection(SolutionProperties) = preSolution
		HideSolutionNode = FALSE
	EndGlobalSection
	GlobalSection(ExtensibilityGlobals) = postSolution
		SolutionGuid = {43B9C984-AC2A-4EED-B671-698D0ED466CC}
	EndGlobalSection
EndGlobal
